Microsoft Visual Studio Solution File, Format Version 12.00
# Visual Studio Version 17
VisualStudioVersion = 17.12.35707.178
MinimumVisualStudioVersion = 10.0.40219.1
Project("{FAE04EC0-301F-11D3-BF4B-00C04F79EFBC}") = "jarvis.AppHost", "jarvis.AppHost\jarvis.AppHost.csproj", "{8B9387A2-3ACC-4E03-BB8A-5BCE13477C83}"
EndProject
Project("{FAE04EC0-301F-11D3-BF4B-00C04F79EFBC}") = "jarvis.ServiceDefaults", "jarvis.ServiceDefaults\jarvis.ServiceDefaults.csproj", "{6D340525-6389-45CA-9FD4-668929AA3A6A}"
EndProject
Project("{FAE04EC0-301F-11D3-BF4B-00C04F79EFBC}") = "jarvis.ApiService", "jarvis.ApiService\jarvis.ApiService.csproj", "{67EC8209-86F1-4C78-AC38-167013B78BBF}"
EndProject
Project("{FAE04EC0-301F-11D3-BF4B-00C04F79EFBC}") = "jarvis.Web", "jarvis.Web\jarvis.Web.csproj", "{340E4BBE-7181-4E7E-9A6A-60FCC7A508D0}"
EndProject
Project("{FAE04EC0-301F-11D3-BF4B-00C04F79EFBC}") = "jarvis.Tests", "jarvis.Tests\jarvis.Tests.csproj", "{E920055C-6F25-4CF2-BE3D-3D8CC10BBB9F}"
EndProject
Project("{FAE04EC0-301F-11D3-BF4B-00C04F79EFBC}") = "PDFRenamerIsolated", "pdfrenamer\PDFRenamerIsolated.csproj", "{87B4AD4A-E46C-4F55-9F71-9DC4751E76F3}"
EndProject
Project("{FAE04EC0-301F-11D3-BF4B-00C04F79EFBC}") = "jarvis.DTOs", "jarvis.DTOs\jarvis.DTOs.csproj", "{A1E47459-232F-4498-9FE0-6F2896E47C25}"
EndProject
Global
	GlobalSection(SolutionConfigurationPlatforms) = preSolution
		Debug|Any CPU = Debug|Any CPU
		Release|Any CPU = Release|Any CPU
	EndGlobalSection
	GlobalSection(ProjectConfigurationPlatforms) = postSolution
		{8B9387A2-3ACC-4E03-BB8A-5BCE13477C83}.Debug|Any CPU.ActiveCfg = Debug|Any CPU
		{8B9387A2-3ACC-4E03-BB8A-5BCE13477C83}.Debug|Any CPU.Build.0 = Debug|Any CPU
		{8B9387A2-3ACC-4E03-BB8A-5BCE13477C83}.Release|Any CPU.ActiveCfg = Release|Any CPU
		{8B9387A2-3ACC-4E03-BB8A-5BCE13477C83}.Release|Any CPU.Build.0 = Release|Any CPU
		{6D340525-6389-45CA-9FD4-668929AA3A6A}.Debug|Any CPU.ActiveCfg = Debug|Any CPU
		{6D340525-6389-45CA-9FD4-668929AA3A6A}.Debug|Any CPU.Build.0 = Debug|Any CPU
		{6D340525-6389-45CA-9FD4-668929AA3A6A}.Release|Any CPU.ActiveCfg = Release|Any CPU
		{6D340525-6389-45CA-9FD4-668929AA3A6A}.Release|Any CPU.Build.0 = Release|Any CPU
		{67EC8209-86F1-4C78-AC38-167013B78BBF}.Debug|Any CPU.ActiveCfg = Debug|Any CPU
		{67EC8209-86F1-4C78-AC38-167013B78BBF}.Debug|Any CPU.Build.0 = Debug|Any CPU
		{67EC8209-86F1-4C78-AC38-167013B78BBF}.Release|Any CPU.ActiveCfg = Release|Any CPU
		{67EC8209-86F1-4C78-AC38-167013B78BBF}.Release|Any CPU.Build.0 = Release|Any CPU
		{340E4BBE-7181-4E7E-9A6A-60FCC7A508D0}.Debug|Any CPU.ActiveCfg = Debug|Any CPU
		{340E4BBE-7181-4E7E-9A6A-60FCC7A508D0}.Debug|Any CPU.Build.0 = Debug|Any CPU
		{340E4BBE-7181-4E7E-9A6A-60FCC7A508D0}.Release|Any CPU.ActiveCfg = Release|Any CPU
		{340E4BBE-7181-4E7E-9A6A-60FCC7A508D0}.Release|Any CPU.Build.0 = Release|Any CPU
		{E920055C-6F25-4CF2-BE3D-3D8CC10BBB9F}.Debug|Any CPU.ActiveCfg = Debug|Any CPU
		{E920055C-6F25-4CF2-BE3D-3D8CC10BBB9F}.Debug|Any CPU.Build.0 = Debug|Any CPU
		{E920055C-6F25-4CF2-BE3D-3D8CC10BBB9F}.Release|Any CPU.ActiveCfg = Release|Any CPU
		{E920055C-6F25-4CF2-BE3D-3D8CC10BBB9F}.Release|Any CPU.Build.0 = Release|Any CPU
		{87B4AD4A-E46C-4F55-9F71-9DC4751E76F3}.Debug|Any CPU.ActiveCfg = Debug|Any CPU
		{87B4AD4A-E46C-4F55-9F71-9DC4751E76F3}.Debug|Any CPU.Build.0 = Debug|Any CPU
		{87B4AD4A-E46C-4F55-9F71-9DC4751E76F3}.Release|Any CPU.ActiveCfg = Release|Any CPU
		{87B4AD4A-E46C-4F55-9F71-9DC4751E76F3}.Release|Any CPU.Build.0 = Release|Any CPU
		{A1E47459-232F-4498-9FE0-6F2896E47C25}.Debug|Any CPU.ActiveCfg = Debug|Any CPU
		{A1E47459-232F-4498-9FE0-6F2896E47C25}.Debug|Any CPU.Build.0 = Debug|Any CPU
		{A1E47459-232F-4498-9FE0-6F2896E47C25}.Release|Any CPU.ActiveCfg = Release|Any CPU
		{A1E47459-232F-4498-9FE0-6F2896E47C25}.Release|Any CPU.Build.0 = Release|Any CPU
	EndGlobalSection
	GlobalSection(SolutionProperties) = preSolution
		HideSolutionNode = FALSE
	EndGlobalSection
EndGlobal
